
Microsoft Visual Studio Solution File, Format Version 12.00
# Visual Studio 15
VisualStudioVersion = 15.0.28307.572
MinimumVisualStudioVersion = 10.0.40219.1
Project("{E24C65DC-7377-472B-9ABA-BC803B73C61A}") = "EAM", "EAM", "{3FCB7EF2-B5E9-448D-A726-2D77923C742A}"
	ProjectSection(WebsiteProperties) = preProject
		TargetFrameworkMoniker = ".NETFramework,Version%3Dv4.0"
		Debug.AspNetCompiler.VirtualPath = "/localhost_55449"
		Debug.AspNetCompiler.PhysicalPath = "EAM\"
		Debug.AspNetCompiler.TargetPath = "PrecompiledWeb\localhost_55449\"
		Debug.AspNetCompiler.Updateable = "true"
		Debug.AspNetCompiler.ForceOverwrite = "true"
		Debug.AspNetCompiler.FixedNames = "false"
		Debug.AspNetCompiler.Debug = "True"
		Release.AspNetCompiler.VirtualPath = "/localhost_55449"
		Release.AspNetCompiler.PhysicalPath = "EAM\"
		Release.AspNetCompiler.TargetPath = "PrecompiledWeb\localhost_55449\"
		Release.AspNetCompiler.Updateable = "true"
		Release.AspNetCompiler.ForceOverwrite = "true"
		Release.AspNetCompiler.FixedNames = "false"
		Release.AspNetCompiler.Debug = "False"
		VWDPort = "55449"
		SlnRelativePath = "EAM\"
		DefaultWebSiteLanguage = "Visual C#"
	EndProjectSection
EndProject
Global
	GlobalSection(SolutionConfigurationPlatforms) = preSolution
		Debug|Any CPU = Debug|Any CPU
	EndGlobalSection
	GlobalSection(ProjectConfigurationPlatforms) = postSolution
		{3FCB7EF2-B5E9-448D-A726-2D77923C742A}.Debug|Any CPU.ActiveCfg = Debug|Any CPU
		{3FCB7EF2-B5E9-448D-A726-2D77923C742A}.Debug|Any CPU.Build.0 = Debug|Any CPU
	EndGlobalSection
	GlobalSection(SolutionProperties) = preSolution
		HideSolutionNode = FALSE
	EndGlobalSection
	GlobalSection(ExtensibilityGlobals) = postSolution
		SolutionGuid = {A1F4AB2B-2FDA-4EDF-A58F-27D486EFC33A}
	EndGlobalSection
EndGlobal
